[root]
name = "protogen"
version = "0.1.0"
dependencies = [
 "docopt 0.6.12 (git+https://github.com/docopt/docopt.rs)",
 "docopt_macros 0.6.12 (git+https://github.com/docopt/docopt.rs)",
]

[[package]]
name = "docopt"
version = "0.6.12"
source = "git+https://github.com/docopt/docopt.rs#938d640720d91529252adddc79d020714cba7346"

[[package]]
name = "docopt_macros"
version = "0.6.12"
source = "git+https://github.com/docopt/docopt.rs#938d640720d91529252adddc79d020714cba7346"
dependencies = [
 "docopt 0.6.12 (git+https://github.com/docopt/docopt.rs)",
]

