[root]
name = "protogen"
version = "0.1.0"
dependencies = [
 "docopt 0.6.8 (registry+https://github.com/rust-lang/crates.io-index)",
 "docopt_macros 0.6.8 (registry+https://github.com/rust-lang/crates.io-index)",
]

[[package]]
name = "docopt"
version = "0.6.8"
source = "registry+https://github.com/rust-lang/crates.io-index"

[[package]]
name = "docopt_macros"
version = "0.6.8"
source = "registry+https://github.com/rust-lang/crates.io-index"
dependencies = [
 "docopt 0.6.8 (registry+https://github.com/rust-lang/crates.io-index)",
]

